
Microsoft Visual Studio Solution File, Format Version 12.00
# Visual Studio Version 17
VisualStudioVersion = 17.9.34310.174
MinimumVisualStudioVersion = 10.0.40219.1
Project("{FAE04EC0-301F-11D3-BF4B-00C04F79EFBC}") = "DotNet8CookieAuthenticationInBlazorWasm", "DotNet8CookieAuthenticationInBlazorWasm\DotNet8CookieAuthenticationInBlazorWasm.csproj", "{A610F344-0A75-45D9-AFCD-33BDE056BB5A}"
EndProject
Project("{FAE04EC0-301F-11D3-BF4B-00C04F79EFBC}") = "BlazorAppWASM", "BlazorAppWASM\BlazorAppWASM.csproj", "{3625E177-AE1B-44DA-B788-C56716DD9FCA}"
EndProject
Global
	GlobalSection(SolutionConfigurationPlatforms) = preSolution
		Debug|Any CPU = Debug|Any CPU
		Release|Any CPU = Release|Any CPU
	EndGlobalSection
	GlobalSection(ProjectConfigurationPlatforms) = postSolution
		{A610F344-0A75-45D9-AFCD-33BDE056BB5A}.Debug|Any CPU.ActiveCfg = Debug|Any CPU
		{A610F344-0A75-45D9-AFCD-33BDE056BB5A}.Debug|Any CPU.Build.0 = Debug|Any CPU
		{A610F344-0A75-45D9-AFCD-33BDE056BB5A}.Release|Any CPU.ActiveCfg = Release|Any CPU
		{A610F344-0A75-45D9-AFCD-33BDE056BB5A}.Release|Any CPU.Build.0 = Release|Any CPU
		{3625E177-AE1B-44DA-B788-C56716DD9FCA}.Debug|Any CPU.ActiveCfg = Debug|Any CPU
		{3625E177-AE1B-44DA-B788-C56716DD9FCA}.Debug|Any CPU.Build.0 = Debug|Any CPU
		{3625E177-AE1B-44DA-B788-C56716DD9FCA}.Release|Any CPU.ActiveCfg = Release|Any CPU
		{3625E177-AE1B-44DA-B788-C56716DD9FCA}.Release|Any CPU.Build.0 = Release|Any CPU
	EndGlobalSection
	GlobalSection(SolutionProperties) = preSolution
		HideSolutionNode = FALSE
	EndGlobalSection
	GlobalSection(ExtensibilityGlobals) = postSolution
		SolutionGuid = {30B90275-34DC-4C8C-9E84-44987CC99393}
	EndGlobalSection
EndGlobal
